# THIS IS AN AUTOGENERATED FILE. DO NOT EDIT THIS FILE DIRECTLY.
# yarn lockfile v1


"@achrinza/event-pubsub@5.0.9":
  version "5.0.9"
  resolved "https://registry.yarnpkg.com/@achrinza/event-pubsub/-/event-pubsub-5.0.9.tgz#ea6c4ee48bee9f50dac253ee08c1f65b144e1e84"
  integrity sha512-49RyPP7w4abKMsLRHKgB9neAH085mdHQtv+0H5TnJeOq3oK57qQRd/JD9K5Z5D3vFODsvBODiBjYkRQZKdqiAA==
  dependencies:
    "@achrinza/strong-type" "0.1.11"

"@achrinza/node-ipc@^10.1.10":
  version "10.1.10"
  resolved "https://registry.yarnpkg.com/@achrinza/node-ipc/-/node-ipc-10.1.10.tgz#104bdc668f792841058e4b1a56ee02335ec7e216"
  integrity sha512-eBP/YMdiaxFHQ5OlKfYpnarMtuMmdtv+iI21UeXL1yATZEGEvRm2gqPsnio6SRlarLt9/IxTQJl0b/6S5yX+1g==
  dependencies:
    "@achrinza/event-pubsub" "5.0.9"
    "@achrinza/strong-type" "1.1.8"
    "@node-ipc/js-queue" "2.0.3"
    js-message "1.0.7"

"@achrinza/strong-type@0.1.11":
  version "0.1.11"
  resolved "https://registry.yarnpkg.com/@achrinza/strong-type/-/strong-type-0.1.11.tgz#4f8f22b19195c47edbd8411ba54f80452226a6a5"
  integrity sha512-35Ou0jcGHGKQS8a6lgdan+u3BajmL315ZpDhH2/WSRNgG1jPpizhe87epgLaotN4uY3kXaEbfRU56sBPMdR5LA==

"@achrinza/strong-type@1.1.8":
  version "1.1.8"
  resolved "https://registry.yarnpkg.com/@achrinza/strong-type/-/strong-type-1.1.8.tgz#17dbb04d330c90841f0fa8215a701800150db7eb"
  integrity sha512-ub/mgPRjbqZmwhU3rGya745IMn9znh3cm4g2iGepzvzhZUlKhLRfdkVoUD+H1NLaHE30pRp/FQHEoHTAVcleBQ==

"@node-ipc/js-queue@2.0.3":
  version "2.0.3"
  resolved "https://registry.yarnpkg.com/@node-ipc/js-queue/-/js-queue-2.0.3.tgz#ac7fe33d766fa53e233ef8fedaf3443a01c5a4cd"
  integrity sha512-fL1wpr8hhD5gT2dA1qifeVaoDFlQR5es8tFuKqjHX+kdOtdNHnxkVZbtIrR2rxnMFvehkjaZRNV2H/gPXlb0hw==
  dependencies:
    easy-stack "1.0.1"

easy-stack@1.0.1:
  version "1.0.1"
  resolved "https://registry.yarnpkg.com/easy-stack/-/easy-stack-1.0.1.tgz#8afe4264626988cabb11f3c704ccd0c835411066"
  integrity sha512-wK2sCs4feiiJeFXn3zvY0p41mdU5VUgbgs1rNsc/y5ngFUijdWd+iIN8eoyuZHKB8xN6BL4PdWmzqFmxNg6V2w==

js-message@1.0.7:
  version "1.0.7"
  resolved "https://registry.yarnpkg.com/js-message/-/js-message-1.0.7.tgz#fbddd053c7a47021871bb8b2c95397cc17c20e47"
  integrity sha512-efJLHhLjIyKRewNS9EGZ4UpI8NguuL6fKkhRxVuMmrGV2xN/0APGdQYwLFky5w9naebSZ0OwAGp0G6/2Cg90rA==
